
Microsoft Visual Studio Solution File, Format Version 12.00
# Visual Studio Version 17
VisualStudioVersion = 17.6.33801.468
MinimumVisualStudioVersion = 10.0.40219.1
Project("{FAE04EC0-301F-11D3-BF4B-00C04F79EFBC}") = "ConsoleApp1", "ConsoleApp1.csproj", "{F7083850-5CF7-45F2-B725-1D2994937890}"
EndProject
Global
	GlobalSection(SolutionConfigurationPlatforms) = preSolution
		Debug|Any CPU = Debug|Any CPU
		Release|Any CPU = Release|Any CPU
	EndGlobalSection
	GlobalSection(ProjectConfigurationPlatforms) = postSolution
		{F7083850-5CF7-45F2-B725-1D2994937890}.Debug|Any CPU.ActiveCfg = Debug|Any CPU
		{F7083850-5CF7-45F2-B725-1D2994937890}.Debug|Any CPU.Build.0 = Debug|Any CPU
		{F7083850-5CF7-45F2-B725-1D2994937890}.Release|Any CPU.ActiveCfg = Release|Any CPU
		{F7083850-5CF7-45F2-B725-1D2994937890}.Release|Any CPU.Build.0 = Release|Any CPU
	EndGlobalSection
	GlobalSection(SolutionProperties) = preSolution
		HideSolutionNode = FALSE
	EndGlobalSection
	GlobalSection(ExtensibilityGlobals) = postSolution
		SolutionGuid = {5479BAB4-A48A-40A1-9956-3B41D836D2AC}
	EndGlobalSection
EndGlobal
